
Microsoft Visual Studio Solution File, Format Version 12.00
# Visual Studio Version 16
VisualStudioVersion = 16.0.31702.278
MinimumVisualStudioVersion = 10.0.40219.1
Project("{FAE04EC0-301F-11D3-BF4B-00C04F79EFBC}") = "PineappleSupermarket", "PineappleSupermarket\PineappleSupermarket.csproj", "{F497A52F-D61D-45FF-911D-41BAED40B413}"
EndProject
Global
	GlobalSection(SolutionConfigurationPlatforms) = preSolution
		Debug|Any CPU = Debug|Any CPU
		Release|Any CPU = Release|Any CPU
	EndGlobalSection
	GlobalSection(ProjectConfigurationPlatforms) = postSolution
		{F497A52F-D61D-45FF-911D-41BAED40B413}.Debug|Any CPU.ActiveCfg = Debug|Any CPU
		{F497A52F-D61D-45FF-911D-41BAED40B413}.Debug|Any CPU.Build.0 = Debug|Any CPU
		{F497A52F-D61D-45FF-911D-41BAED40B413}.Release|Any CPU.ActiveCfg = Release|Any CPU
		{F497A52F-D61D-45FF-911D-41BAED40B413}.Release|Any CPU.Build.0 = Release|Any CPU
	EndGlobalSection
	GlobalSection(SolutionProperties) = preSolution
		HideSolutionNode = FALSE
	EndGlobalSection
	GlobalSection(ExtensibilityGlobals) = postSolution
		SolutionGuid = {D2C5685B-1961-40E4-8B14-2B29CF050E22}
	EndGlobalSection
EndGlobal
